
Microsoft Visual Studio Solution File, Format Version 12.00
# Visual Studio Version 17
VisualStudioVersion = 17.7.34031.279
MinimumVisualStudioVersion = 10.0.40219.1
Project("{8BC9CEB8-8B4A-11D0-8D11-00A0C91BC942}") = "testClient2", "testClient2.vcxproj", "{F0F4B089-FA18-4546-9422-714D24C35014}"
EndProject
Global
	GlobalSection(SolutionConfigurationPlatforms) = preSolution
		Debug|x64 = Debug|x64
		Debug|x86 = Debug|x86
		Release|x64 = Release|x64
		Release|x86 = Release|x86
	EndGlobalSection
	GlobalSection(ProjectConfigurationPlatforms) = postSolution
		{F0F4B089-FA18-4546-9422-714D24C35014}.Debug|x64.ActiveCfg = Debug|x64
		{F0F4B089-FA18-4546-9422-714D24C35014}.Debug|x64.Build.0 = Debug|x64
		{F0F4B089-FA18-4546-9422-714D24C35014}.Debug|x86.ActiveCfg = Debug|Win32
		{F0F4B089-FA18-4546-9422-714D24C35014}.Debug|x86.Build.0 = Debug|Win32
		{F0F4B089-FA18-4546-9422-714D24C35014}.Release|x64.ActiveCfg = Release|x64
		{F0F4B089-FA18-4546-9422-714D24C35014}.Release|x64.Build.0 = Release|x64
		{F0F4B089-FA18-4546-9422-714D24C35014}.Release|x86.ActiveCfg = Release|Win32
		{F0F4B089-FA18-4546-9422-714D24C35014}.Release|x86.Build.0 = Release|Win32
	EndGlobalSection
	GlobalSection(SolutionProperties) = preSolution
		HideSolutionNode = FALSE
	EndGlobalSection
	GlobalSection(ExtensibilityGlobals) = postSolution
		SolutionGuid = {FE28A421-DFE9-4440-96EE-5BB49384B453}
	EndGlobalSection
EndGlobal
